github.com/bluele/mecab-golang v0.0.0-20180831023624-c8cfe04e87f9 h1:+x8pRe3RdzZHEs6nycQrn3C62GDGsWN5o97CzMagl2w=
github.com/bluele/mecab-golang v0.0.0-20180831023624-c8cfe04e87f9/go.mod h1:K/0HE3I7smFaZ/jKh/E8sObNxjBPo8lor+Uxk5rxVoM=
github.com/gorilla/websocket v1.5.3 h1:saDtZ6Pbx/0u+bgYQ3q96pZgCzfhKXGPqt7kZ72aNNg=
github.com/gorilla/websocket v1.5.3/go.mod h1:YR8l580nyteQvAITg2hZ9XVh4b55+EU/adAjf1fMHhE=
github.com/joho/godotenv v1.5.1 h1:7eLL/+HRGLY0ldzfGMeQkb7vMd0as4CfYvUVzLqw0N0=
github.com/joho/godotenv v1.5.1/go.mod h1:f4LDr5Voq0i2e/R5DDNOoa2zzDfwtkZa6DnEwAbqwq4=
